
Microsoft Visual Studio Solution File, Format Version 12.00
# Visual Studio Version 16
VisualStudioVersion = 16.0.31205.134
MinimumVisualStudioVersion = 10.0.40219.1
Project("{2150E333-8FDC-42A3-9474-1A3956D46DE8}") = "Services", "Services", "{FA8E43E0-DBB9-4713-9B8C-258618C6ABE1}"
EndProject
Project("{2150E333-8FDC-42A3-9474-1A3956D46DE8}") = "Catalog", "Catalog", "{528A47F4-C2F4-4CC0-B72A-A03DC43E7CCD}"
EndProject
Project("{9A19103F-16F7-4668-BE54-9A1E7A4F7556}") = "Catalog.API", "Services\Catalog\Catalog.API\Catalog.API.csproj", "{586678BA-8B9D-485B-B469-C484C561D1F8}"
EndProject
Project("{E53339B2-1760-4266-BCC7-CA923CBCF16C}") = "docker-compose", "docker-compose.dcproj", "{7995E39D-2EC3-462B-BC90-F2B942FC8C96}"
EndProject
Project("{2150E333-8FDC-42A3-9474-1A3956D46DE8}") = "Basket", "Basket", "{870C203F-8EA8-4BC7-B4A5-B6203FCD917D}"
EndProject
Project("{9A19103F-16F7-4668-BE54-9A1E7A4F7556}") = "Basket.API", "Services\Basket\Basket.API\Basket.API.csproj", "{FF31AB96-2EDC-41B9-8CF2-03E798418E6D}"
EndProject
Project("{2150E333-8FDC-42A3-9474-1A3956D46DE8}") = "Discount", "Discount", "{32F7DB23-553C-4F82-98ED-94E4E11650D7}"
EndProject
Project("{FAE04EC0-301F-11D3-BF4B-00C04F79EFBC}") = "Discount.API", "Services\Discount\Discount.API\Discount.API.csproj", "{4BCF3384-18D3-4BE2-AC3F-EC7ED4644B7A}"
EndProject
Global
	GlobalSection(SolutionConfigurationPlatforms) = preSolution
		Debug|Any CPU = Debug|Any CPU
		Release|Any CPU = Release|Any CPU
	EndGlobalSection
	GlobalSection(ProjectConfigurationPlatforms) = postSolution
		{586678BA-8B9D-485B-B469-C484C561D1F8}.Debug|Any CPU.ActiveCfg = Debug|Any CPU
		{586678BA-8B9D-485B-B469-C484C561D1F8}.Debug|Any CPU.Build.0 = Debug|Any CPU
		{586678BA-8B9D-485B-B469-C484C561D1F8}.Release|Any CPU.ActiveCfg = Release|Any CPU
		{586678BA-8B9D-485B-B469-C484C561D1F8}.Release|Any CPU.Build.0 = Release|Any CPU
		{7995E39D-2EC3-462B-BC90-F2B942FC8C96}.Debug|Any CPU.ActiveCfg = Debug|Any CPU
		{7995E39D-2EC3-462B-BC90-F2B942FC8C96}.Debug|Any CPU.Build.0 = Debug|Any CPU
		{7995E39D-2EC3-462B-BC90-F2B942FC8C96}.Release|Any CPU.ActiveCfg = Release|Any CPU
		{7995E39D-2EC3-462B-BC90-F2B942FC8C96}.Release|Any CPU.Build.0 = Release|Any CPU
		{FF31AB96-2EDC-41B9-8CF2-03E798418E6D}.Debug|Any CPU.ActiveCfg = Debug|Any CPU
		{FF31AB96-2EDC-41B9-8CF2-03E798418E6D}.Debug|Any CPU.Build.0 = Debug|Any CPU
		{FF31AB96-2EDC-41B9-8CF2-03E798418E6D}.Release|Any CPU.ActiveCfg = Release|Any CPU
		{FF31AB96-2EDC-41B9-8CF2-03E798418E6D}.Release|Any CPU.Build.0 = Release|Any CPU
		{4BCF3384-18D3-4BE2-AC3F-EC7ED4644B7A}.Debug|Any CPU.ActiveCfg = Debug|Any CPU
		{4BCF3384-18D3-4BE2-AC3F-EC7ED4644B7A}.Debug|Any CPU.Build.0 = Debug|Any CPU
		{4BCF3384-18D3-4BE2-AC3F-EC7ED4644B7A}.Release|Any CPU.ActiveCfg = Release|Any CPU
		{4BCF3384-18D3-4BE2-AC3F-EC7ED4644B7A}.Release|Any CPU.Build.0 = Release|Any CPU
	EndGlobalSection
	GlobalSection(SolutionProperties) = preSolution
		HideSolutionNode = FALSE
	EndGlobalSection
	GlobalSection(NestedProjects) = preSolution
		{528A47F4-C2F4-4CC0-B72A-A03DC43E7CCD} = {FA8E43E0-DBB9-4713-9B8C-258618C6ABE1}
		{586678BA-8B9D-485B-B469-C484C561D1F8} = {528A47F4-C2F4-4CC0-B72A-A03DC43E7CCD}
		{870C203F-8EA8-4BC7-B4A5-B6203FCD917D} = {FA8E43E0-DBB9-4713-9B8C-258618C6ABE1}
		{FF31AB96-2EDC-41B9-8CF2-03E798418E6D} = {870C203F-8EA8-4BC7-B4A5-B6203FCD917D}
		{32F7DB23-553C-4F82-98ED-94E4E11650D7} = {FA8E43E0-DBB9-4713-9B8C-258618C6ABE1}
		{4BCF3384-18D3-4BE2-AC3F-EC7ED4644B7A} = {32F7DB23-553C-4F82-98ED-94E4E11650D7}
	EndGlobalSection
	GlobalSection(ExtensibilityGlobals) = postSolution
		SolutionGuid = {8589E6BA-D3BF-479F-BAE0-CB6B3D8C2092}
	EndGlobalSection
EndGlobal
